
Microsoft Visual Studio Solution File, Format Version 12.00
# Visual Studio 2012
Project("{8BC9CEB8-8B4A-11D0-8D11-00A0C91BC942}") = "_vice", "_vice.vcxproj", "{CA95B170-AFF2-4283-93D6-65F9CFA4029D}"
EndProject
Project("{8BC9CEB8-8B4A-11D0-8D11-00A0C91BC942}") = "arch", "arch.vcxproj", "{9C7A2E21-8496-4528-80BC-2E3F2264677F}"
EndProject
Project("{8BC9CEB8-8B4A-11D0-8D11-00A0C91BC942}") = "base", "base.vcxproj", "{0A2B5A1C-434A-48B4-8852-BA085BF73B16}"
EndProject
Project("{8BC9CEB8-8B4A-11D0-8D11-00A0C91BC942}") = "c128", "c128.vcxproj", "{433E2E1A-3253-46C7-9626-96D5A6786E4D}"
EndProject
Project("{8BC9CEB8-8B4A-11D0-8D11-00A0C91BC942}") = "c1541", "c1541.vcxproj", "{6651C43C-ACD1-4E72-AAFA-B7BB4D73736F}"
EndProject
Project("{8BC9CEB8-8B4A-11D0-8D11-00A0C91BC942}") = "c64", "c64.vcxproj", "{36622FAD-0364-4CFA-A633-52D9D42BF5B7}"
EndProject
Project("{8BC9CEB8-8B4A-11D0-8D11-00A0C91BC942}") = "c64c128", "c64c128.vcxproj", "{435229C3-9BB6-4F95-9AAE-A4AD93E3267E}"
EndProject
Project("{8BC9CEB8-8B4A-11D0-8D11-00A0C91BC942}") = "c64cart", "c64cart.vcxproj", "{2C7395A3-F9AF-4F95-BF1C-12D02697565D}"
EndProject
Project("{8BC9CEB8-8B4A-11D0-8D11-00A0C91BC942}") = "c64exp", "c64exp.vcxproj", "{56CFBFB0-1674-434D-95BC-67B56EB8B596}"
EndProject
Project("{8BC9CEB8-8B4A-11D0-8D11-00A0C91BC942}") = "cartconv", "cartconv.vcxproj", "{D06CC66C-9CA5-43F6-B6AE-A4D37049B070}"
EndProject
Project("{8BC9CEB8-8B4A-11D0-8D11-00A0C91BC942}") = "cbm2", "cbm2.vcxproj", "{0BC7FF0D-D862-4E1F-8F79-C4E9DAB371CA}"
EndProject
Project("{8BC9CEB8-8B4A-11D0-8D11-00A0C91BC942}") = "core", "core.vcxproj", "{217327F6-D961-4FF2-9EE5-132274463833}"
EndProject
Project("{8BC9CEB8-8B4A-11D0-8D11-00A0C91BC942}") = "crtc", "crtc.vcxproj", "{9FE7FFE1-43E4-4500-A1E5-0DEFCDC576C4}"
EndProject
Project("{8BC9CEB8-8B4A-11D0-8D11-00A0C91BC942}") = "diskimage", "diskimage.vcxproj", "{5F4F040F-038F-434E-B093-EFA42291B910}"
EndProject
Project("{8BC9CEB8-8B4A-11D0-8D11-00A0C91BC942}") = "drive", "drive.vcxproj", "{ED181503-F839-4573-A8FE-125EC010B057}"
EndProject
Project("{8BC9CEB8-8B4A-11D0-8D11-00A0C91BC942}") = "fileio", "fileio.vcxproj", "{FCF72BA8-58E8-4B6C-A223-2C6170F56703}"
EndProject
Project("{8BC9CEB8-8B4A-11D0-8D11-00A0C91BC942}") = "fsdevice", "fsdevice.vcxproj", "{7A63EA83-CAC5-4C7F-BC00-EB3BC5FE527C}"
EndProject
Project("{8BC9CEB8-8B4A-11D0-8D11-00A0C91BC942}") = "genmsvcver", "genmsvcver.vcxproj", "{3472F0AD-E897-4C6F-AED7-65F426DAA9EF}"
EndProject
Project("{8BC9CEB8-8B4A-11D0-8D11-00A0C91BC942}") = "gentranslate", "gentranslate.vcxproj", "{E4DF952D-F365-4DC5-8B17-C50A70BA2033}"
EndProject
Project("{8BC9CEB8-8B4A-11D0-8D11-00A0C91BC942}") = "genwinres", "genwinres.vcxproj", "{4AB17430-5B5D-4C5A-8BC1-142A9562391D}"
EndProject
Project("{8BC9CEB8-8B4A-11D0-8D11-00A0C91BC942}") = "gfxoutputdrv", "gfxoutputdrv.vcxproj", "{77F9528F-419E-4299-9FA9-4A3D4B986C60}"
EndProject
Project("{8BC9CEB8-8B4A-11D0-8D11-00A0C91BC942}") = "iec", "iec.vcxproj", "{C7425287-93C9-475B-9B39-1E1F3DE8F851}"
EndProject
Project("{8BC9CEB8-8B4A-11D0-8D11-00A0C91BC942}") = "iec128dcr", "iec128dcr.vcxproj", "{33102BCF-5FCA-4656-963D-04ADCFA5D2D7}"
EndProject
Project("{8BC9CEB8-8B4A-11D0-8D11-00A0C91BC942}") = "iecbus", "iecbus.vcxproj", "{69669E86-C036-487F-8428-D2B85E083CF8}"
EndProject
Project("{8BC9CEB8-8B4A-11D0-8D11-00A0C91BC942}") = "iecieee", "iecieee.vcxproj", "{D4D1992E-7D28-472B-924D-3BBDCC6EAC72}"
EndProject
Project("{8BC9CEB8-8B4A-11D0-8D11-00A0C91BC942}") = "ieee", "ieee.vcxproj", "{1C7B9E48-684E-45DD-AE02-4519B5526AB1}"
EndProject
Project("{8BC9CEB8-8B4A-11D0-8D11-00A0C91BC942}") = "imagecontents", "imagecontents.vcxproj", "{2CE493C7-1142-4419-87E3-3E515E6A2B0B}"
EndProject
Project("{8BC9CEB8-8B4A-11D0-8D11-00A0C91BC942}") = "monitor", "monitor.vcxproj", "{AF15CB86-CC9F-42E2-B7D7-4BE24EFDE7F0}"
EndProject
Project("{8BC9CEB8-8B4A-11D0-8D11-00A0C91BC942}") = "parallel", "parallel.vcxproj", "{358A14A5-8BDA-4917-B0C8-395C65C36BD1}"
EndProject
Project("{8BC9CEB8-8B4A-11D0-8D11-00A0C91BC942}") = "pet", "pet.vcxproj", "{89A3CA46-0436-4051-8EA1-54F35840DCD6}"
EndProject
Project("{8BC9CEB8-8B4A-11D0-8D11-00A0C91BC942}") = "petcat", "petcat.vcxproj", "{6B0AFCED-0F14-4014-A018-AF8D04FD11BB}"
EndProject
Project("{8BC9CEB8-8B4A-11D0-8D11-00A0C91BC942}") = "plus4", "plus4.vcxproj", "{1EEC62FD-072E-471E-B86D-B432B089735E}"
EndProject
Project("{8BC9CEB8-8B4A-11D0-8D11-00A0C91BC942}") = "plus4exp", "plus4exp.vcxproj", "{C2303CD3-6A86-4E3D-BDEF-0B2E0D93D181}"
EndProject
Project("{8BC9CEB8-8B4A-11D0-8D11-00A0C91BC942}") = "png", "png.vcxproj", "{22EAB4DD-41EA-4A30-9BCE-9F363D3F4E4B}"
EndProject
Project("{8BC9CEB8-8B4A-11D0-8D11-00A0C91BC942}") = "printerdrv", "printerdrv.vcxproj", "{A423E81F-F4BE-462F-B4FD-39346E46A6F7}"
EndProject
Project("{8BC9CEB8-8B4A-11D0-8D11-00A0C91BC942}") = "raster", "raster.vcxproj", "{2CBF435E-C543-4BFB-AD8C-91214345DBBD}"
EndProject
Project("{8BC9CEB8-8B4A-11D0-8D11-00A0C91BC942}") = "resid", "resid.vcxproj", "{07A308D6-CC8A-448D-92B3-0AE9C0ACC716}"
EndProject
Project("{8BC9CEB8-8B4A-11D0-8D11-00A0C91BC942}") = "rs232drv", "rs232drv.vcxproj", "{113C1619-E473-48E9-A8AC-CBB709390BD0}"
EndProject
Project("{8BC9CEB8-8B4A-11D0-8D11-00A0C91BC942}") = "serial", "serial.vcxproj", "{930CBABC-4B8F-4F1C-966D-892F21289D76}"
EndProject
Project("{8BC9CEB8-8B4A-11D0-8D11-00A0C91BC942}") = "sid", "sid.vcxproj", "{DA9A7CCB-2BE1-4606-B8E3-9059231F0BBF}"
EndProject
Project("{8BC9CEB8-8B4A-11D0-8D11-00A0C91BC942}") = "sounddrv", "sounddrv.vcxproj", "{038642D2-D745-4B57-AE91-25F550248695}"
EndProject
Project("{8BC9CEB8-8B4A-11D0-8D11-00A0C91BC942}") = "tape", "tape.vcxproj", "{2E446C33-0C8E-4575-BD36-77E86268CC28}"
EndProject
Project("{8BC9CEB8-8B4A-11D0-8D11-00A0C91BC942}") = "tcbm", "tcbm.vcxproj", "{449D4A02-328D-41E0-B070-D3D700250BA8}"
EndProject
Project("{8BC9CEB8-8B4A-11D0-8D11-00A0C91BC942}") = "vdc", "vdc.vcxproj", "{67ABBD27-DB32-4BED-8934-5A759FC8519A}"
EndProject
Project("{8BC9CEB8-8B4A-11D0-8D11-00A0C91BC942}") = "vdrive", "vdrive.vcxproj", "{48CF0330-EC05-4862-A533-348147C744D0}"
EndProject
Project("{8BC9CEB8-8B4A-11D0-8D11-00A0C91BC942}") = "vic20", "vic20.vcxproj", "{1E5BA188-6664-423B-9FE3-604A82255873}"
EndProject
Project("{8BC9CEB8-8B4A-11D0-8D11-00A0C91BC942}") = "vicii", "vicii.vcxproj", "{DDCD9F11-5B63-4ED1-88BE-A1EAA563DE4C}"
EndProject
Project("{8BC9CEB8-8B4A-11D0-8D11-00A0C91BC942}") = "video", "video.vcxproj", "{91422239-7A7C-4DDB-ABA7-95B5CBE469ED}"
EndProject
Project("{8BC9CEB8-8B4A-11D0-8D11-00A0C91BC942}") = "x128", "x128.vcxproj", "{4C07122B-3C3C-46EF-8872-13B9FED36305}"
EndProject
Project("{8BC9CEB8-8B4A-11D0-8D11-00A0C91BC942}") = "x64", "x64.vcxproj", "{998FBF83-78BA-431F-B6CF-38C1F4F71B0C}"
EndProject
Project("{8BC9CEB8-8B4A-11D0-8D11-00A0C91BC942}") = "xcbm2", "xcbm2.vcxproj", "{66602058-8A38-424C-B338-C2D6C05AF8D2}"
EndProject
Project("{8BC9CEB8-8B4A-11D0-8D11-00A0C91BC942}") = "xpet", "xpet.vcxproj", "{598DEC49-8064-4BA8-AD5D-F1662E0F4C64}"
EndProject
Project("{8BC9CEB8-8B4A-11D0-8D11-00A0C91BC942}") = "xplus4", "xplus4.vcxproj", "{A379EA13-C489-4C2A-91ED-4ED4D4617CA8}"
EndProject
Project("{8BC9CEB8-8B4A-11D0-8D11-00A0C91BC942}") = "xvic", "xvic.vcxproj", "{BC9561A6-7F9E-4185-9FAB-CEFB85C4194C}"
EndProject
Project("{8BC9CEB8-8B4A-11D0-8D11-00A0C91BC942}") = "zlib", "zlib.vcxproj", "{B2010E16-8B56-4B64-B21D-B765B69C1EA4}"
EndProject
Global
	GlobalSection(SolutionConfigurationPlatforms) = preSolution
		Debug|Win32 = Debug|Win32
		Release|Win32 = Release|Win32
		Template|Win32 = Template|Win32
	EndGlobalSection
	GlobalSection(ProjectConfigurationPlatforms) = postSolution
		{CA95B170-AFF2-4283-93D6-65F9CFA4029D}.Debug|Win32.ActiveCfg = Debug|Win32
		{CA95B170-AFF2-4283-93D6-65F9CFA4029D}.Debug|Win32.Build.0 = Debug|Win32
		{CA95B170-AFF2-4283-93D6-65F9CFA4029D}.Release|Win32.ActiveCfg = Release|Win32
		{CA95B170-AFF2-4283-93D6-65F9CFA4029D}.Release|Win32.Build.0 = Release|Win32
		{CA95B170-AFF2-4283-93D6-65F9CFA4029D}.Template|Win32.ActiveCfg = Release|Win32
		{CA95B170-AFF2-4283-93D6-65F9CFA4029D}.Template|Win32.Build.0 = Release|Win32
		{9C7A2E21-8496-4528-80BC-2E3F2264677F}.Debug|Win32.ActiveCfg = Debug|Win32
		{9C7A2E21-8496-4528-80BC-2E3F2264677F}.Debug|Win32.Build.0 = Debug|Win32
		{9C7A2E21-8496-4528-80BC-2E3F2264677F}.Release|Win32.ActiveCfg = Release|Win32
		{9C7A2E21-8496-4528-80BC-2E3F2264677F}.Release|Win32.Build.0 = Release|Win32
		{9C7A2E21-8496-4528-80BC-2E3F2264677F}.Template|Win32.ActiveCfg = Template|Win32
		{9C7A2E21-8496-4528-80BC-2E3F2264677F}.Template|Win32.Build.0 = Template|Win32
		{0A2B5A1C-434A-48B4-8852-BA085BF73B16}.Debug|Win32.ActiveCfg = Debug|Win32
		{0A2B5A1C-434A-48B4-8852-BA085BF73B16}.Debug|Win32.Build.0 = Debug|Win32
		{0A2B5A1C-434A-48B4-8852-BA085BF73B16}.Release|Win32.ActiveCfg = Release|Win32
		{0A2B5A1C-434A-48B4-8852-BA085BF73B16}.Release|Win32.Build.0 = Release|Win32
		{0A2B5A1C-434A-48B4-8852-BA085BF73B16}.Template|Win32.ActiveCfg = Template|Win32
		{0A2B5A1C-434A-48B4-8852-BA085BF73B16}.Template|Win32.Build.0 = Template|Win32
		{433E2E1A-3253-46C7-9626-96D5A6786E4D}.Debug|Win32.ActiveCfg = Debug|Win32
		{433E2E1A-3253-46C7-9626-96D5A6786E4D}.Debug|Win32.Build.0 = Debug|Win32
		{433E2E1A-3253-46C7-9626-96D5A6786E4D}.Release|Win32.ActiveCfg = Release|Win32
		{433E2E1A-3253-46C7-9626-96D5A6786E4D}.Release|Win32.Build.0 = Release|Win32
		{433E2E1A-3253-46C7-9626-96D5A6786E4D}.Template|Win32.ActiveCfg = Template|Win32
		{433E2E1A-3253-46C7-9626-96D5A6786E4D}.Template|Win32.Build.0 = Template|Win32
		{6651C43C-ACD1-4E72-AAFA-B7BB4D73736F}.Debug|Win32.ActiveCfg = Debug|Win32
		{6651C43C-ACD1-4E72-AAFA-B7BB4D73736F}.Debug|Win32.Build.0 = Debug|Win32
		{6651C43C-ACD1-4E72-AAFA-B7BB4D73736F}.Release|Win32.ActiveCfg = Release|Win32
		{6651C43C-ACD1-4E72-AAFA-B7BB4D73736F}.Release|Win32.Build.0 = Release|Win32
		{6651C43C-ACD1-4E72-AAFA-B7BB4D73736F}.Template|Win32.ActiveCfg = Template|Win32
		{6651C43C-ACD1-4E72-AAFA-B7BB4D73736F}.Template|Win32.Build.0 = Template|Win32
		{36622FAD-0364-4CFA-A633-52D9D42BF5B7}.Debug|Win32.ActiveCfg = Debug|Win32
		{36622FAD-0364-4CFA-A633-52D9D42BF5B7}.Debug|Win32.Build.0 = Debug|Win32
		{36622FAD-0364-4CFA-A633-52D9D42BF5B7}.Release|Win32.ActiveCfg = Release|Win32
		{36622FAD-0364-4CFA-A633-52D9D42BF5B7}.Release|Win32.Build.0 = Release|Win32
		{36622FAD-0364-4CFA-A633-52D9D42BF5B7}.Template|Win32.ActiveCfg = Template|Win32
		{36622FAD-0364-4CFA-A633-52D9D42BF5B7}.Template|Win32.Build.0 = Template|Win32
		{435229C3-9BB6-4F95-9AAE-A4AD93E3267E}.Debug|Win32.ActiveCfg = Debug|Win32
		{435229C3-9BB6-4F95-9AAE-A4AD93E3267E}.Debug|Win32.Build.0 = Debug|Win32
		{435229C3-9BB6-4F95-9AAE-A4AD93E3267E}.Release|Win32.ActiveCfg = Release|Win32
		{435229C3-9BB6-4F95-9AAE-A4AD93E3267E}.Release|Win32.Build.0 = Release|Win32
		{435229C3-9BB6-4F95-9AAE-A4AD93E3267E}.Template|Win32.ActiveCfg = Template|Win32
		{435229C3-9BB6-4F95-9AAE-A4AD93E3267E}.Template|Win32.Build.0 = Template|Win32
		{2C7395A3-F9AF-4F95-BF1C-12D02697565D}.Debug|Win32.ActiveCfg = Debug|Win32
		{2C7395A3-F9AF-4F95-BF1C-12D02697565D}.Debug|Win32.Build.0 = Debug|Win32
		{2C7395A3-F9AF-4F95-BF1C-12D02697565D}.Release|Win32.ActiveCfg = Release|Win32
		{2C7395A3-F9AF-4F95-BF1C-12D02697565D}.Release|Win32.Build.0 = Release|Win32
		{2C7395A3-F9AF-4F95-BF1C-12D02697565D}.Template|Win32.ActiveCfg = Template|Win32
		{2C7395A3-F9AF-4F95-BF1C-12D02697565D}.Template|Win32.Build.0 = Template|Win32
		{56CFBFB0-1674-434D-95BC-67B56EB8B596}.Debug|Win32.ActiveCfg = Debug|Win32
		{56CFBFB0-1674-434D-95BC-67B56EB8B596}.Debug|Win32.Build.0 = Debug|Win32
		{56CFBFB0-1674-434D-95BC-67B56EB8B596}.Release|Win32.ActiveCfg = Release|Win32
		{56CFBFB0-1674-434D-95BC-67B56EB8B596}.Release|Win32.Build.0 = Release|Win32
		{56CFBFB0-1674-434D-95BC-67B56EB8B596}.Template|Win32.ActiveCfg = Template|Win32
		{56CFBFB0-1674-434D-95BC-67B56EB8B596}.Template|Win32.Build.0 = Template|Win32
		{D06CC66C-9CA5-43F6-B6AE-A4D37049B070}.Debug|Win32.ActiveCfg = Debug|Win32
		{D06CC66C-9CA5-43F6-B6AE-A4D37049B070}.Debug|Win32.Build.0 = Debug|Win32
		{D06CC66C-9CA5-43F6-B6AE-A4D37049B070}.Release|Win32.ActiveCfg = Release|Win32
		{D06CC66C-9CA5-43F6-B6AE-A4D37049B070}.Release|Win32.Build.0 = Release|Win32
		{D06CC66C-9CA5-43F6-B6AE-A4D37049B070}.Template|Win32.ActiveCfg = Template|Win32
		{D06CC66C-9CA5-43F6-B6AE-A4D37049B070}.Template|Win32.Build.0 = Template|Win32
		{0BC7FF0D-D862-4E1F-8F79-C4E9DAB371CA}.Debug|Win32.ActiveCfg = Debug|Win32
		{0BC7FF0D-D862-4E1F-8F79-C4E9DAB371CA}.Debug|Win32.Build.0 = Debug|Win32
		{0BC7FF0D-D862-4E1F-8F79-C4E9DAB371CA}.Release|Win32.ActiveCfg = Release|Win32
		{0BC7FF0D-D862-4E1F-8F79-C4E9DAB371CA}.Release|Win32.Build.0 = Release|Win32
		{0BC7FF0D-D862-4E1F-8F79-C4E9DAB371CA}.Template|Win32.ActiveCfg = Template|Win32
		{0BC7FF0D-D862-4E1F-8F79-C4E9DAB371CA}.Template|Win32.Build.0 = Template|Win32
		{217327F6-D961-4FF2-9EE5-132274463833}.Debug|Win32.ActiveCfg = Debug|Win32
		{217327F6-D961-4FF2-9EE5-132274463833}.Debug|Win32.Build.0 = Debug|Win32
		{217327F6-D961-4FF2-9EE5-132274463833}.Release|Win32.ActiveCfg = Release|Win32
		{217327F6-D961-4FF2-9EE5-132274463833}.Release|Win32.Build.0 = Release|Win32
		{217327F6-D961-4FF2-9EE5-132274463833}.Template|Win32.ActiveCfg = Template|Win32
		{217327F6-D961-4FF2-9EE5-132274463833}.Template|Win32.Build.0 = Template|Win32
		{9FE7FFE1-43E4-4500-A1E5-0DEFCDC576C4}.Debug|Win32.ActiveCfg = Debug|Win32
		{9FE7FFE1-43E4-4500-A1E5-0DEFCDC576C4}.Debug|Win32.Build.0 = Debug|Win32
		{9FE7FFE1-43E4-4500-A1E5-0DEFCDC576C4}.Release|Win32.ActiveCfg = Release|Win32
		{9FE7FFE1-43E4-4500-A1E5-0DEFCDC576C4}.Release|Win32.Build.0 = Release|Win32
		{9FE7FFE1-43E4-4500-A1E5-0DEFCDC576C4}.Template|Win32.ActiveCfg = Template|Win32
		{9FE7FFE1-43E4-4500-A1E5-0DEFCDC576C4}.Template|Win32.Build.0 = Template|Win32
		{5F4F040F-038F-434E-B093-EFA42291B910}.Debug|Win32.ActiveCfg = Debug|Win32
		{5F4F040F-038F-434E-B093-EFA42291B910}.Debug|Win32.Build.0 = Debug|Win32
		{5F4F040F-038F-434E-B093-EFA42291B910}.Release|Win32.ActiveCfg = Release|Win32
		{5F4F040F-038F-434E-B093-EFA42291B910}.Release|Win32.Build.0 = Release|Win32
		{5F4F040F-038F-434E-B093-EFA42291B910}.Template|Win32.ActiveCfg = Template|Win32
		{5F4F040F-038F-434E-B093-EFA42291B910}.Template|Win32.Build.0 = Template|Win32
		{ED181503-F839-4573-A8FE-125EC010B057}.Debug|Win32.ActiveCfg = Debug|Win32
		{ED181503-F839-4573-A8FE-125EC010B057}.Debug|Win32.Build.0 = Debug|Win32
		{ED181503-F839-4573-A8FE-125EC010B057}.Release|Win32.ActiveCfg = Release|Win32
		{ED181503-F839-4573-A8FE-125EC010B057}.Release|Win32.Build.0 = Release|Win32
		{ED181503-F839-4573-A8FE-125EC010B057}.Template|Win32.ActiveCfg = Template|Win32
		{ED181503-F839-4573-A8FE-125EC010B057}.Template|Win32.Build.0 = Template|Win32
		{FCF72BA8-58E8-4B6C-A223-2C6170F56703}.Debug|Win32.ActiveCfg = Debug|Win32
		{FCF72BA8-58E8-4B6C-A223-2C6170F56703}.Debug|Win32.Build.0 = Debug|Win32
		{FCF72BA8-58E8-4B6C-A223-2C6170F56703}.Release|Win32.ActiveCfg = Release|Win32
		{FCF72BA8-58E8-4B6C-A223-2C6170F56703}.Release|Win32.Build.0 = Release|Win32
		{FCF72BA8-58E8-4B6C-A223-2C6170F56703}.Template|Win32.ActiveCfg = Template|Win32
		{FCF72BA8-58E8-4B6C-A223-2C6170F56703}.Template|Win32.Build.0 = Template|Win32
		{7A63EA83-CAC5-4C7F-BC00-EB3BC5FE527C}.Debug|Win32.ActiveCfg = Debug|Win32
		{7A63EA83-CAC5-4C7F-BC00-EB3BC5FE527C}.Debug|Win32.Build.0 = Debug|Win32
		{7A63EA83-CAC5-4C7F-BC00-EB3BC5FE527C}.Release|Win32.ActiveCfg = Release|Win32
		{7A63EA83-CAC5-4C7F-BC00-EB3BC5FE527C}.Release|Win32.Build.0 = Release|Win32
		{7A63EA83-CAC5-4C7F-BC00-EB3BC5FE527C}.Template|Win32.ActiveCfg = Template|Win32
		{7A63EA83-CAC5-4C7F-BC00-EB3BC5FE527C}.Template|Win32.Build.0 = Template|Win32
		{3472F0AD-E897-4C6F-AED7-65F426DAA9EF}.Debug|Win32.ActiveCfg = Debug|Win32
		{3472F0AD-E897-4C6F-AED7-65F426DAA9EF}.Debug|Win32.Build.0 = Debug|Win32
		{3472F0AD-E897-4C6F-AED7-65F426DAA9EF}.Release|Win32.ActiveCfg = Release|Win32
		{3472F0AD-E897-4C6F-AED7-65F426DAA9EF}.Release|Win32.Build.0 = Release|Win32
		{3472F0AD-E897-4C6F-AED7-65F426DAA9EF}.Template|Win32.ActiveCfg = Template|Win32
		{3472F0AD-E897-4C6F-AED7-65F426DAA9EF}.Template|Win32.Build.0 = Template|Win32
		{E4DF952D-F365-4DC5-8B17-C50A70BA2033}.Debug|Win32.ActiveCfg = Debug|Win32
		{E4DF952D-F365-4DC5-8B17-C50A70BA2033}.Debug|Win32.Build.0 = Debug|Win32
		{E4DF952D-F365-4DC5-8B17-C50A70BA2033}.Release|Win32.ActiveCfg = Release|Win32
		{E4DF952D-F365-4DC5-8B17-C50A70BA2033}.Release|Win32.Build.0 = Release|Win32
		{E4DF952D-F365-4DC5-8B17-C50A70BA2033}.Template|Win32.ActiveCfg = Template|Win32
		{E4DF952D-F365-4DC5-8B17-C50A70BA2033}.Template|Win32.Build.0 = Template|Win32
		{4AB17430-5B5D-4C5A-8BC1-142A9562391D}.Debug|Win32.ActiveCfg = Debug|Win32
		{4AB17430-5B5D-4C5A-8BC1-142A9562391D}.Debug|Win32.Build.0 = Debug|Win32
		{4AB17430-5B5D-4C5A-8BC1-142A9562391D}.Release|Win32.ActiveCfg = Release|Win32
		{4AB17430-5B5D-4C5A-8BC1-142A9562391D}.Release|Win32.Build.0 = Release|Win32
		{4AB17430-5B5D-4C5A-8BC1-142A9562391D}.Template|Win32.ActiveCfg = Template|Win32
		{4AB17430-5B5D-4C5A-8BC1-142A9562391D}.Template|Win32.Build.0 = Template|Win32
		{77F9528F-419E-4299-9FA9-4A3D4B986C60}.Debug|Win32.ActiveCfg = Debug|Win32
		{77F9528F-419E-4299-9FA9-4A3D4B986C60}.Debug|Win32.Build.0 = Debug|Win32
		{77F9528F-419E-4299-9FA9-4A3D4B986C60}.Release|Win32.ActiveCfg = Release|Win32
		{77F9528F-419E-4299-9FA9-4A3D4B986C60}.Release|Win32.Build.0 = Release|Win32
		{77F9528F-419E-4299-9FA9-4A3D4B986C60}.Template|Win32.ActiveCfg = Template|Win32
		{77F9528F-419E-4299-9FA9-4A3D4B986C60}.Template|Win32.Build.0 = Template|Win32
		{C7425287-93C9-475B-9B39-1E1F3DE8F851}.Debug|Win32.ActiveCfg = Debug|Win32
		{C7425287-93C9-475B-9B39-1E1F3DE8F851}.Debug|Win32.Build.0 = Debug|Win32
		{C7425287-93C9-475B-9B39-1E1F3DE8F851}.Release|Win32.ActiveCfg = Release|Win32
		{C7425287-93C9-475B-9B39-1E1F3DE8F851}.Release|Win32.Build.0 = Release|Win32
		{C7425287-93C9-475B-9B39-1E1F3DE8F851}.Template|Win32.ActiveCfg = Template|Win32
		{C7425287-93C9-475B-9B39-1E1F3DE8F851}.Template|Win32.Build.0 = Template|Win32
		{33102BCF-5FCA-4656-963D-04ADCFA5D2D7}.Debug|Win32.ActiveCfg = Debug|Win32
		{33102BCF-5FCA-4656-963D-04ADCFA5D2D7}.Debug|Win32.Build.0 = Debug|Win32
		{33102BCF-5FCA-4656-963D-04ADCFA5D2D7}.Release|Win32.ActiveCfg = Release|Win32
		{33102BCF-5FCA-4656-963D-04ADCFA5D2D7}.Release|Win32.Build.0 = Release|Win32
		{33102BCF-5FCA-4656-963D-04ADCFA5D2D7}.Template|Win32.ActiveCfg = Template|Win32
		{33102BCF-5FCA-4656-963D-04ADCFA5D2D7}.Template|Win32.Build.0 = Template|Win32
		{69669E86-C036-487F-8428-D2B85E083CF8}.Debug|Win32.ActiveCfg = Debug|Win32
		{69669E86-C036-487F-8428-D2B85E083CF8}.Debug|Win32.Build.0 = Debug|Win32
		{69669E86-C036-487F-8428-D2B85E083CF8}.Release|Win32.ActiveCfg = Release|Win32
		{69669E86-C036-487F-8428-D2B85E083CF8}.Release|Win32.Build.0 = Release|Win32
		{69669E86-C036-487F-8428-D2B85E083CF8}.Template|Win32.ActiveCfg = Template|Win32
		{69669E86-C036-487F-8428-D2B85E083CF8}.Template|Win32.Build.0 = Template|Win32
		{D4D1992E-7D28-472B-924D-3BBDCC6EAC72}.Debug|Win32.ActiveCfg = Debug|Win32
		{D4D1992E-7D28-472B-924D-3BBDCC6EAC72}.Debug|Win32.Build.0 = Debug|Win32
		{D4D1992E-7D28-472B-924D-3BBDCC6EAC72}.Release|Win32.ActiveCfg = Release|Win32
		{D4D1992E-7D28-472B-924D-3BBDCC6EAC72}.Release|Win32.Build.0 = Release|Win32
		{D4D1992E-7D28-472B-924D-3BBDCC6EAC72}.Template|Win32.ActiveCfg = Template|Win32
		{D4D1992E-7D28-472B-924D-3BBDCC6EAC72}.Template|Win32.Build.0 = Template|Win32
		{1C7B9E48-684E-45DD-AE02-4519B5526AB1}.Debug|Win32.ActiveCfg = Debug|Win32
		{1C7B9E48-684E-45DD-AE02-4519B5526AB1}.Debug|Win32.Build.0 = Debug|Win32
		{1C7B9E48-684E-45DD-AE02-4519B5526AB1}.Release|Win32.ActiveCfg = Release|Win32
		{1C7B9E48-684E-45DD-AE02-4519B5526AB1}.Release|Win32.Build.0 = Release|Win32
		{1C7B9E48-684E-45DD-AE02-4519B5526AB1}.Template|Win32.ActiveCfg = Template|Win32
		{1C7B9E48-684E-45DD-AE02-4519B5526AB1}.Template|Win32.Build.0 = Template|Win32
		{2CE493C7-1142-4419-87E3-3E515E6A2B0B}.Debug|Win32.ActiveCfg = Debug|Win32
		{2CE493C7-1142-4419-87E3-3E515E6A2B0B}.Debug|Win32.Build.0 = Debug|Win32
		{2CE493C7-1142-4419-87E3-3E515E6A2B0B}.Release|Win32.ActiveCfg = Release|Win32
		{2CE493C7-1142-4419-87E3-3E515E6A2B0B}.Release|Win32.Build.0 = Release|Win32
		{2CE493C7-1142-4419-87E3-3E515E6A2B0B}.Template|Win32.ActiveCfg = Template|Win32
		{2CE493C7-1142-4419-87E3-3E515E6A2B0B}.Template|Win32.Build.0 = Template|Win32
		{AF15CB86-CC9F-42E2-B7D7-4BE24EFDE7F0}.Debug|Win32.ActiveCfg = Debug|Win32
		{AF15CB86-CC9F-42E2-B7D7-4BE24EFDE7F0}.Debug|Win32.Build.0 = Debug|Win32
		{AF15CB86-CC9F-42E2-B7D7-4BE24EFDE7F0}.Release|Win32.ActiveCfg = Release|Win32
		{AF15CB86-CC9F-42E2-B7D7-4BE24EFDE7F0}.Release|Win32.Build.0 = Release|Win32
		{AF15CB86-CC9F-42E2-B7D7-4BE24EFDE7F0}.Template|Win32.ActiveCfg = Template|Win32
		{AF15CB86-CC9F-42E2-B7D7-4BE24EFDE7F0}.Template|Win32.Build.0 = Template|Win32
		{358A14A5-8BDA-4917-B0C8-395C65C36BD1}.Debug|Win32.ActiveCfg = Debug|Win32
		{358A14A5-8BDA-4917-B0C8-395C65C36BD1}.Debug|Win32.Build.0 = Debug|Win32
		{358A14A5-8BDA-4917-B0C8-395C65C36BD1}.Release|Win32.ActiveCfg = Release|Win32
		{358A14A5-8BDA-4917-B0C8-395C65C36BD1}.Release|Win32.Build.0 = Release|Win32
		{358A14A5-8BDA-4917-B0C8-395C65C36BD1}.Template|Win32.ActiveCfg = Template|Win32
		{358A14A5-8BDA-4917-B0C8-395C65C36BD1}.Template|Win32.Build.0 = Template|Win32
		{89A3CA46-0436-4051-8EA1-54F35840DCD6}.Debug|Win32.ActiveCfg = Debug|Win32
		{89A3CA46-0436-4051-8EA1-54F35840DCD6}.Debug|Win32.Build.0 = Debug|Win32
		{89A3CA46-0436-4051-8EA1-54F35840DCD6}.Release|Win32.ActiveCfg = Release|Win32
		{89A3CA46-0436-4051-8EA1-54F35840DCD6}.Release|Win32.Build.0 = Release|Win32
		{89A3CA46-0436-4051-8EA1-54F35840DCD6}.Template|Win32.ActiveCfg = Template|Win32
		{89A3CA46-0436-4051-8EA1-54F35840DCD6}.Template|Win32.Build.0 = Template|Win32
		{6B0AFCED-0F14-4014-A018-AF8D04FD11BB}.Debug|Win32.ActiveCfg = Debug|Win32
		{6B0AFCED-0F14-4014-A018-AF8D04FD11BB}.Debug|Win32.Build.0 = Debug|Win32
		{6B0AFCED-0F14-4014-A018-AF8D04FD11BB}.Release|Win32.ActiveCfg = Release|Win32
		{6B0AFCED-0F14-4014-A018-AF8D04FD11BB}.Release|Win32.Build.0 = Release|Win32
		{6B0AFCED-0F14-4014-A018-AF8D04FD11BB}.Template|Win32.ActiveCfg = Template|Win32
		{6B0AFCED-0F14-4014-A018-AF8D04FD11BB}.Template|Win32.Build.0 = Template|Win32
		{1EEC62FD-072E-471E-B86D-B432B089735E}.Debug|Win32.ActiveCfg = Debug|Win32
		{1EEC62FD-072E-471E-B86D-B432B089735E}.Debug|Win32.Build.0 = Debug|Win32
		{1EEC62FD-072E-471E-B86D-B432B089735E}.Release|Win32.ActiveCfg = Release|Win32
		{1EEC62FD-072E-471E-B86D-B432B089735E}.Release|Win32.Build.0 = Release|Win32
		{1EEC62FD-072E-471E-B86D-B432B089735E}.Template|Win32.ActiveCfg = Template|Win32
		{1EEC62FD-072E-471E-B86D-B432B089735E}.Template|Win32.Build.0 = Template|Win32
		{C2303CD3-6A86-4E3D-BDEF-0B2E0D93D181}.Debug|Win32.ActiveCfg = Debug|Win32
		{C2303CD3-6A86-4E3D-BDEF-0B2E0D93D181}.Debug|Win32.Build.0 = Debug|Win32
		{C2303CD3-6A86-4E3D-BDEF-0B2E0D93D181}.Release|Win32.ActiveCfg = Release|Win32
		{C2303CD3-6A86-4E3D-BDEF-0B2E0D93D181}.Release|Win32.Build.0 = Release|Win32
		{C2303CD3-6A86-4E3D-BDEF-0B2E0D93D181}.Template|Win32.ActiveCfg = Template|Win32
		{C2303CD3-6A86-4E3D-BDEF-0B2E0D93D181}.Template|Win32.Build.0 = Template|Win32
		{22EAB4DD-41EA-4A30-9BCE-9F363D3F4E4B}.Debug|Win32.ActiveCfg = Debug|Win32
		{22EAB4DD-41EA-4A30-9BCE-9F363D3F4E4B}.Debug|Win32.Build.0 = Debug|Win32
		{22EAB4DD-41EA-4A30-9BCE-9F363D3F4E4B}.Release|Win32.ActiveCfg = Release|Win32
		{22EAB4DD-41EA-4A30-9BCE-9F363D3F4E4B}.Release|Win32.Build.0 = Release|Win32
		{22EAB4DD-41EA-4A30-9BCE-9F363D3F4E4B}.Template|Win32.ActiveCfg = Template|Win32
		{22EAB4DD-41EA-4A30-9BCE-9F363D3F4E4B}.Template|Win32.Build.0 = Template|Win32
		{A423E81F-F4BE-462F-B4FD-39346E46A6F7}.Debug|Win32.ActiveCfg = Debug|Win32
		{A423E81F-F4BE-462F-B4FD-39346E46A6F7}.Debug|Win32.Build.0 = Debug|Win32
		{A423E81F-F4BE-462F-B4FD-39346E46A6F7}.Release|Win32.ActiveCfg = Release|Win32
		{A423E81F-F4BE-462F-B4FD-39346E46A6F7}.Release|Win32.Build.0 = Release|Win32
		{A423E81F-F4BE-462F-B4FD-39346E46A6F7}.Template|Win32.ActiveCfg = Template|Win32
		{A423E81F-F4BE-462F-B4FD-39346E46A6F7}.Template|Win32.Build.0 = Template|Win32
		{2CBF435E-C543-4BFB-AD8C-91214345DBBD}.Debug|Win32.ActiveCfg = Debug|Win32
		{2CBF435E-C543-4BFB-AD8C-91214345DBBD}.Debug|Win32.Build.0 = Debug|Win32
		{2CBF435E-C543-4BFB-AD8C-91214345DBBD}.Release|Win32.ActiveCfg = Release|Win32
		{2CBF435E-C543-4BFB-AD8C-91214345DBBD}.Release|Win32.Build.0 = Release|Win32
		{2CBF435E-C543-4BFB-AD8C-91214345DBBD}.Template|Win32.ActiveCfg = Template|Win32
		{2CBF435E-C543-4BFB-AD8C-91214345DBBD}.Template|Win32.Build.0 = Template|Win32
		{07A308D6-CC8A-448D-92B3-0AE9C0ACC716}.Debug|Win32.ActiveCfg = Debug|Win32
		{07A308D6-CC8A-448D-92B3-0AE9C0ACC716}.Debug|Win32.Build.0 = Debug|Win32
		{07A308D6-CC8A-448D-92B3-0AE9C0ACC716}.Release|Win32.ActiveCfg = Release|Win32
		{07A308D6-CC8A-448D-92B3-0AE9C0ACC716}.Release|Win32.Build.0 = Release|Win32
		{07A308D6-CC8A-448D-92B3-0AE9C0ACC716}.Template|Win32.ActiveCfg = Template|Win32
		{07A308D6-CC8A-448D-92B3-0AE9C0ACC716}.Template|Win32.Build.0 = Template|Win32
		{113C1619-E473-48E9-A8AC-CBB709390BD0}.Debug|Win32.ActiveCfg = Debug|Win32
		{113C1619-E473-48E9-A8AC-CBB709390BD0}.Debug|Win32.Build.0 = Debug|Win32
		{113C1619-E473-48E9-A8AC-CBB709390BD0}.Release|Win32.ActiveCfg = Release|Win32
		{113C1619-E473-48E9-A8AC-CBB709390BD0}.Release|Win32.Build.0 = Release|Win32
		{113C1619-E473-48E9-A8AC-CBB709390BD0}.Template|Win32.ActiveCfg = Template|Win32
		{113C1619-E473-48E9-A8AC-CBB709390BD0}.Template|Win32.Build.0 = Template|Win32
		{930CBABC-4B8F-4F1C-966D-892F21289D76}.Debug|Win32.ActiveCfg = Debug|Win32
		{930CBABC-4B8F-4F1C-966D-892F21289D76}.Debug|Win32.Build.0 = Debug|Win32
		{930CBABC-4B8F-4F1C-966D-892F21289D76}.Release|Win32.ActiveCfg = Release|Win32
		{930CBABC-4B8F-4F1C-966D-892F21289D76}.Release|Win32.Build.0 = Release|Win32
		{930CBABC-4B8F-4F1C-966D-892F21289D76}.Template|Win32.ActiveCfg = Template|Win32
		{930CBABC-4B8F-4F1C-966D-892F21289D76}.Template|Win32.Build.0 = Template|Win32
		{DA9A7CCB-2BE1-4606-B8E3-9059231F0BBF}.Debug|Win32.ActiveCfg = Debug|Win32
		{DA9A7CCB-2BE1-4606-B8E3-9059231F0BBF}.Debug|Win32.Build.0 = Debug|Win32
		{DA9A7CCB-2BE1-4606-B8E3-9059231F0BBF}.Release|Win32.ActiveCfg = Release|Win32
		{DA9A7CCB-2BE1-4606-B8E3-9059231F0BBF}.Release|Win32.Build.0 = Release|Win32
		{DA9A7CCB-2BE1-4606-B8E3-9059231F0BBF}.Template|Win32.ActiveCfg = Template|Win32
		{DA9A7CCB-2BE1-4606-B8E3-9059231F0BBF}.Template|Win32.Build.0 = Template|Win32
		{038642D2-D745-4B57-AE91-25F550248695}.Debug|Win32.ActiveCfg = Debug|Win32
		{038642D2-D745-4B57-AE91-25F550248695}.Debug|Win32.Build.0 = Debug|Win32
		{038642D2-D745-4B57-AE91-25F550248695}.Release|Win32.ActiveCfg = Release|Win32
		{038642D2-D745-4B57-AE91-25F550248695}.Release|Win32.Build.0 = Release|Win32
		{038642D2-D745-4B57-AE91-25F550248695}.Template|Win32.ActiveCfg = Template|Win32
		{038642D2-D745-4B57-AE91-25F550248695}.Template|Win32.Build.0 = Template|Win32
		{2E446C33-0C8E-4575-BD36-77E86268CC28}.Debug|Win32.ActiveCfg = Debug|Win32
		{2E446C33-0C8E-4575-BD36-77E86268CC28}.Debug|Win32.Build.0 = Debug|Win32
		{2E446C33-0C8E-4575-BD36-77E86268CC28}.Release|Win32.ActiveCfg = Release|Win32
		{2E446C33-0C8E-4575-BD36-77E86268CC28}.Release|Win32.Build.0 = Release|Win32
		{2E446C33-0C8E-4575-BD36-77E86268CC28}.Template|Win32.ActiveCfg = Template|Win32
		{2E446C33-0C8E-4575-BD36-77E86268CC28}.Template|Win32.Build.0 = Template|Win32
		{449D4A02-328D-41E0-B070-D3D700250BA8}.Debug|Win32.ActiveCfg = Debug|Win32
		{449D4A02-328D-41E0-B070-D3D700250BA8}.Debug|Win32.Build.0 = Debug|Win32
		{449D4A02-328D-41E0-B070-D3D700250BA8}.Release|Win32.ActiveCfg = Release|Win32
		{449D4A02-328D-41E0-B070-D3D700250BA8}.Release|Win32.Build.0 = Release|Win32
		{449D4A02-328D-41E0-B070-D3D700250BA8}.Template|Win32.ActiveCfg = Template|Win32
		{449D4A02-328D-41E0-B070-D3D700250BA8}.Template|Win32.Build.0 = Template|Win32
		{67ABBD27-DB32-4BED-8934-5A759FC8519A}.Debug|Win32.ActiveCfg = Debug|Win32
		{67ABBD27-DB32-4BED-8934-5A759FC8519A}.Debug|Win32.Build.0 = Debug|Win32
		{67ABBD27-DB32-4BED-8934-5A759FC8519A}.Release|Win32.ActiveCfg = Release|Win32
		{67ABBD27-DB32-4BED-8934-5A759FC8519A}.Release|Win32.Build.0 = Release|Win32
		{67ABBD27-DB32-4BED-8934-5A759FC8519A}.Template|Win32.ActiveCfg = Template|Win32
		{67ABBD27-DB32-4BED-8934-5A759FC8519A}.Template|Win32.Build.0 = Template|Win32
		{48CF0330-EC05-4862-A533-348147C744D0}.Debug|Win32.ActiveCfg = Debug|Win32
		{48CF0330-EC05-4862-A533-348147C744D0}.Debug|Win32.Build.0 = Debug|Win32
		{48CF0330-EC05-4862-A533-348147C744D0}.Release|Win32.ActiveCfg = Release|Win32
		{48CF0330-EC05-4862-A533-348147C744D0}.Release|Win32.Build.0 = Release|Win32
		{48CF0330-EC05-4862-A533-348147C744D0}.Template|Win32.ActiveCfg = Template|Win32
		{48CF0330-EC05-4862-A533-348147C744D0}.Template|Win32.Build.0 = Template|Win32
		{1E5BA188-6664-423B-9FE3-604A82255873}.Debug|Win32.ActiveCfg = Debug|Win32
		{1E5BA188-6664-423B-9FE3-604A82255873}.Debug|Win32.Build.0 = Debug|Win32
		{1E5BA188-6664-423B-9FE3-604A82255873}.Release|Win32.ActiveCfg = Release|Win32
		{1E5BA188-6664-423B-9FE3-604A82255873}.Release|Win32.Build.0 = Release|Win32
		{1E5BA188-6664-423B-9FE3-604A82255873}.Template|Win32.ActiveCfg = Template|Win32
		{1E5BA188-6664-423B-9FE3-604A82255873}.Template|Win32.Build.0 = Template|Win32
		{DDCD9F11-5B63-4ED1-88BE-A1EAA563DE4C}.Debug|Win32.ActiveCfg = Debug|Win32
		{DDCD9F11-5B63-4ED1-88BE-A1EAA563DE4C}.Debug|Win32.Build.0 = Debug|Win32
		{DDCD9F11-5B63-4ED1-88BE-A1EAA563DE4C}.Release|Win32.ActiveCfg = Release|Win32
		{DDCD9F11-5B63-4ED1-88BE-A1EAA563DE4C}.Release|Win32.Build.0 = Release|Win32
		{DDCD9F11-5B63-4ED1-88BE-A1EAA563DE4C}.Template|Win32.ActiveCfg = Template|Win32
		{DDCD9F11-5B63-4ED1-88BE-A1EAA563DE4C}.Template|Win32.Build.0 = Template|Win32
		{91422239-7A7C-4DDB-ABA7-95B5CBE469ED}.Debug|Win32.ActiveCfg = Debug|Win32
		{91422239-7A7C-4DDB-ABA7-95B5CBE469ED}.Debug|Win32.Build.0 = Debug|Win32
		{91422239-7A7C-4DDB-ABA7-95B5CBE469ED}.Release|Win32.ActiveCfg = Release|Win32
		{91422239-7A7C-4DDB-ABA7-95B5CBE469ED}.Release|Win32.Build.0 = Release|Win32
		{91422239-7A7C-4DDB-ABA7-95B5CBE469ED}.Template|Win32.ActiveCfg = Template|Win32
		{91422239-7A7C-4DDB-ABA7-95B5CBE469ED}.Template|Win32.Build.0 = Template|Win32
		{4C07122B-3C3C-46EF-8872-13B9FED36305}.Debug|Win32.ActiveCfg = Debug|Win32
		{4C07122B-3C3C-46EF-8872-13B9FED36305}.Debug|Win32.Build.0 = Debug|Win32
		{4C07122B-3C3C-46EF-8872-13B9FED36305}.Release|Win32.ActiveCfg = Release|Win32
		{4C07122B-3C3C-46EF-8872-13B9FED36305}.Release|Win32.Build.0 = Release|Win32
		{4C07122B-3C3C-46EF-8872-13B9FED36305}.Template|Win32.ActiveCfg = Template|Win32
		{4C07122B-3C3C-46EF-8872-13B9FED36305}.Template|Win32.Build.0 = Template|Win32
		{998FBF83-78BA-431F-B6CF-38C1F4F71B0C}.Debug|Win32.ActiveCfg = Debug|Win32
		{998FBF83-78BA-431F-B6CF-38C1F4F71B0C}.Debug|Win32.Build.0 = Debug|Win32
		{998FBF83-78BA-431F-B6CF-38C1F4F71B0C}.Release|Win32.ActiveCfg = Release|Win32
		{998FBF83-78BA-431F-B6CF-38C1F4F71B0C}.Release|Win32.Build.0 = Release|Win32
		{998FBF83-78BA-431F-B6CF-38C1F4F71B0C}.Template|Win32.ActiveCfg = Template|Win32
		{998FBF83-78BA-431F-B6CF-38C1F4F71B0C}.Template|Win32.Build.0 = Template|Win32
		{66602058-8A38-424C-B338-C2D6C05AF8D2}.Debug|Win32.ActiveCfg = Debug|Win32
		{66602058-8A38-424C-B338-C2D6C05AF8D2}.Debug|Win32.Build.0 = Debug|Win32
		{66602058-8A38-424C-B338-C2D6C05AF8D2}.Release|Win32.ActiveCfg = Release|Win32
		{66602058-8A38-424C-B338-C2D6C05AF8D2}.Release|Win32.Build.0 = Release|Win32
		{66602058-8A38-424C-B338-C2D6C05AF8D2}.Template|Win32.ActiveCfg = Template|Win32
		{66602058-8A38-424C-B338-C2D6C05AF8D2}.Template|Win32.Build.0 = Template|Win32
		{598DEC49-8064-4BA8-AD5D-F1662E0F4C64}.Debug|Win32.ActiveCfg = Debug|Win32
		{598DEC49-8064-4BA8-AD5D-F1662E0F4C64}.Debug|Win32.Build.0 = Debug|Win32
		{598DEC49-8064-4BA8-AD5D-F1662E0F4C64}.Release|Win32.ActiveCfg = Release|Win32
		{598DEC49-8064-4BA8-AD5D-F1662E0F4C64}.Release|Win32.Build.0 = Release|Win32
		{598DEC49-8064-4BA8-AD5D-F1662E0F4C64}.Template|Win32.ActiveCfg = Template|Win32
		{598DEC49-8064-4BA8-AD5D-F1662E0F4C64}.Template|Win32.Build.0 = Template|Win32
		{A379EA13-C489-4C2A-91ED-4ED4D4617CA8}.Debug|Win32.ActiveCfg = Debug|Win32
		{A379EA13-C489-4C2A-91ED-4ED4D4617CA8}.Debug|Win32.Build.0 = Debug|Win32
		{A379EA13-C489-4C2A-91ED-4ED4D4617CA8}.Release|Win32.ActiveCfg = Release|Win32
		{A379EA13-C489-4C2A-91ED-4ED4D4617CA8}.Release|Win32.Build.0 = Release|Win32
		{A379EA13-C489-4C2A-91ED-4ED4D4617CA8}.Template|Win32.ActiveCfg = Template|Win32
		{A379EA13-C489-4C2A-91ED-4ED4D4617CA8}.Template|Win32.Build.0 = Template|Win32
		{BC9561A6-7F9E-4185-9FAB-CEFB85C4194C}.Debug|Win32.ActiveCfg = Debug|Win32
		{BC9561A6-7F9E-4185-9FAB-CEFB85C4194C}.Debug|Win32.Build.0 = Debug|Win32
		{BC9561A6-7F9E-4185-9FAB-CEFB85C4194C}.Release|Win32.ActiveCfg = Release|Win32
		{BC9561A6-7F9E-4185-9FAB-CEFB85C4194C}.Release|Win32.Build.0 = Release|Win32
		{BC9561A6-7F9E-4185-9FAB-CEFB85C4194C}.Template|Win32.ActiveCfg = Template|Win32
		{BC9561A6-7F9E-4185-9FAB-CEFB85C4194C}.Template|Win32.Build.0 = Template|Win32
		{B2010E16-8B56-4B64-B21D-B765B69C1EA4}.Debug|Win32.ActiveCfg = Debug|Win32
		{B2010E16-8B56-4B64-B21D-B765B69C1EA4}.Debug|Win32.Build.0 = Debug|Win32
		{B2010E16-8B56-4B64-B21D-B765B69C1EA4}.Release|Win32.ActiveCfg = Release|Win32
		{B2010E16-8B56-4B64-B21D-B765B69C1EA4}.Release|Win32.Build.0 = Release|Win32
		{B2010E16-8B56-4B64-B21D-B765B69C1EA4}.Template|Win32.ActiveCfg = Template|Win32
		{B2010E16-8B56-4B64-B21D-B765B69C1EA4}.Template|Win32.Build.0 = Template|Win32
	EndGlobalSection
	GlobalSection(SolutionProperties) = preSolution
		HideSolutionNode = FALSE
	EndGlobalSection
EndGlobal
